
Microsoft Visual Studio Solution File, Format Version 12.00
# Visual Studio Version 17
VisualStudioVersion = 17.9.34622.214
MinimumVisualStudioVersion = 10.0.40219.1
Project("{8BC9CEB8-8B4A-11D0-8D11-00A0C91BC942}") = "MyImageProcess", "MyImageProcess.vcxproj", "{DB7B4B61-42F2-4D6E-93FA-D691554274A9}"
EndProject
Global
	GlobalSection(SolutionConfigurationPlatforms) = preSolution
		Debug|x64 = Debug|x64
		Debug|x86 = Debug|x86
		Release|x64 = Release|x64
		Release|x86 = Release|x86
	EndGlobalSection
	GlobalSection(ProjectConfigurationPlatforms) = postSolution
		{DB7B4B61-42F2-4D6E-93FA-D691554274A9}.Debug|x64.ActiveCfg = Debug|x64
		{DB7B4B61-42F2-4D6E-93FA-D691554274A9}.Debug|x64.Build.0 = Debug|x64
		{DB7B4B61-42F2-4D6E-93FA-D691554274A9}.Debug|x86.ActiveCfg = Debug|Win32
		{DB7B4B61-42F2-4D6E-93FA-D691554274A9}.Debug|x86.Build.0 = Debug|Win32
		{DB7B4B61-42F2-4D6E-93FA-D691554274A9}.Release|x64.ActiveCfg = Release|x64
		{DB7B4B61-42F2-4D6E-93FA-D691554274A9}.Release|x64.Build.0 = Release|x64
		{DB7B4B61-42F2-4D6E-93FA-D691554274A9}.Release|x86.ActiveCfg = Release|Win32
		{DB7B4B61-42F2-4D6E-93FA-D691554274A9}.Release|x86.Build.0 = Release|Win32
	EndGlobalSection
	GlobalSection(SolutionProperties) = preSolution
		HideSolutionNode = FALSE
	EndGlobalSection
	GlobalSection(ExtensibilityGlobals) = postSolution
		SolutionGuid = {DDDEB1CB-1846-42E8-ABD8-F83C4F84CCB1}
	EndGlobalSection
EndGlobal
